
Microsoft Visual Studio Solution File, Format Version 12.00
# Visual Studio Version 17
VisualStudioVersion = 17.5.33516.290
MinimumVisualStudioVersion = 10.0.40219.1
Project("{FAE04EC0-301F-11D3-BF4B-00C04F79EFBC}") = "examSimplu", "examSimplu\examSimplu.csproj", "{55BE3C5B-BFDB-4DC2-A304-5EA7887D75BB}"
EndProject
Global
	GlobalSection(SolutionConfigurationPlatforms) = preSolution
		Debug|Any CPU = Debug|Any CPU
		Release|Any CPU = Release|Any CPU
	EndGlobalSection
	GlobalSection(ProjectConfigurationPlatforms) = postSolution
		{55BE3C5B-BFDB-4DC2-A304-5EA7887D75BB}.Debug|Any CPU.ActiveCfg = Debug|Any CPU
		{55BE3C5B-BFDB-4DC2-A304-5EA7887D75BB}.Debug|Any CPU.Build.0 = Debug|Any CPU
		{55BE3C5B-BFDB-4DC2-A304-5EA7887D75BB}.Release|Any CPU.ActiveCfg = Release|Any CPU
		{55BE3C5B-BFDB-4DC2-A304-5EA7887D75BB}.Release|Any CPU.Build.0 = Release|Any CPU
	EndGlobalSection
	GlobalSection(SolutionProperties) = preSolution
		HideSolutionNode = FALSE
	EndGlobalSection
	GlobalSection(ExtensibilityGlobals) = postSolution
		SolutionGuid = {1F2D05A7-5CF6-4C32-B8D4-DDD26620CE1D}
	EndGlobalSection
EndGlobal
